
Microsoft Visual Studio Solution File, Format Version 12.00
# Visual Studio Version 17
VisualStudioVersion = 17.10.35013.160
MinimumVisualStudioVersion = 10.0.40219.1
Project("{FAE04EC0-301F-11D3-BF4B-00C04F79EFBC}") = "Factory Method", "Factory Method.csproj", "{1D7E6553-9F8A-4400-AEE4-A473205D22F0}"
EndProject
Global
	GlobalSection(SolutionConfigurationPlatforms) = preSolution
		Debug|Any CPU = Debug|Any CPU
		Release|Any CPU = Release|Any CPU
	EndGlobalSection
	GlobalSection(ProjectConfigurationPlatforms) = postSolution
		{1D7E6553-9F8A-4400-AEE4-A473205D22F0}.Debug|Any CPU.ActiveCfg = Debug|Any CPU
		{1D7E6553-9F8A-4400-AEE4-A473205D22F0}.Debug|Any CPU.Build.0 = Debug|Any CPU
		{1D7E6553-9F8A-4400-AEE4-A473205D22F0}.Release|Any CPU.ActiveCfg = Release|Any CPU
		{1D7E6553-9F8A-4400-AEE4-A473205D22F0}.Release|Any CPU.Build.0 = Release|Any CPU
	EndGlobalSection
	GlobalSection(SolutionProperties) = preSolution
		HideSolutionNode = FALSE
	EndGlobalSection
	GlobalSection(ExtensibilityGlobals) = postSolution
		SolutionGuid = {8D6BC5B8-A694-4D37-85B2-15C53A451A0B}
	EndGlobalSection
EndGlobal
