
Microsoft Visual Studio Solution File, Format Version 12.00
# Visual Studio Version 17
VisualStudioVersion = 17.10.35013.160
MinimumVisualStudioVersion = 10.0.40219.1
Project("{FAE04EC0-301F-11D3-BF4B-00C04F79EFBC}") = "Iterator", "Iterator.csproj", "{6DC2AF2D-6337-4885-9B7C-2012787B698E}"
EndProject
Global
	GlobalSection(SolutionConfigurationPlatforms) = preSolution
		Debug|Any CPU = Debug|Any CPU
		Release|Any CPU = Release|Any CPU
	EndGlobalSection
	GlobalSection(ProjectConfigurationPlatforms) = postSolution
		{6DC2AF2D-6337-4885-9B7C-2012787B698E}.Debug|Any CPU.ActiveCfg = Debug|Any CPU
		{6DC2AF2D-6337-4885-9B7C-2012787B698E}.Debug|Any CPU.Build.0 = Debug|Any CPU
		{6DC2AF2D-6337-4885-9B7C-2012787B698E}.Release|Any CPU.ActiveCfg = Release|Any CPU
		{6DC2AF2D-6337-4885-9B7C-2012787B698E}.Release|Any CPU.Build.0 = Release|Any CPU
	EndGlobalSection
	GlobalSection(SolutionProperties) = preSolution
		HideSolutionNode = FALSE
	EndGlobalSection
	GlobalSection(ExtensibilityGlobals) = postSolution
		SolutionGuid = {2EA818BC-E334-420E-8CD5-3D74AE16CB10}
	EndGlobalSection
EndGlobal
